// !$*UTF8*$!
{
	archiveVersion = 1;
	classes = {
	};
	objectVersion = 56;
	objects = {

/* Begin PBXBuildFile section */
		2752C8892C166D81002E25E2 /* AchievementsView.swift in Sources */ = {isa = PBXBuildFile; fileRef = 2752C8882C166D81002E25E2 /* AchievementsView.swift */; };
		2752C88B2C167BA6002E25E2 /* AchievementDetailView.swift in Sources */ = {isa = PBXBuildFile; fileRef = 2752C88A2C167BA6002E25E2 /* AchievementDetailView.swift */; };
		2752C88D2C16922B002E25E2 /* ScrollingText.swift in Sources */ = {isa = PBXBuildFile; fileRef = 2752C88C2C16922B002E25E2 /* ScrollingText.swift */; };
		2757FA662C138FDE008A8B7A /* RetroAchievementsUIApp.swift in Sources */ = {isa = PBXBuildFile; fileRef = 2757FA652C138FDE008A8B7A /* RetroAchievementsUIApp.swift */; };
		2757FA682C138FDE008A8B7A /* ContentView.swift in Sources */ = {isa = PBXBuildFile; fileRef = 2757FA672C138FDE008A8B7A /* ContentView.swift */; };
		2757FA6A2C138FE1008A8B7A /* Assets.xcassets in Resources */ = {isa = PBXBuildFile; fileRef = 2757FA692C138FE1008A8B7A /* Assets.xcassets */; };
		2757FA6D2C138FE1008A8B7A /* Preview Assets.xcassets in Resources */ = {isa = PBXBuildFile; fileRef = 2757FA6C2C138FE1008A8B7A /* Preview Assets.xcassets */; };
		2757FA742C138FF1008A8B7A /* Network.swift in Sources */ = {isa = PBXBuildFile; fileRef = 2757FA732C138FF1008A8B7A /* Network.swift */; };
		2757FA762C13905A008A8B7A /* Profile.swift in Sources */ = {isa = PBXBuildFile; fileRef = 2757FA752C13905A008A8B7A /* Profile.swift */; };
		2757FA782C13A951008A8B7A /* ProfileView.swift in Sources */ = {isa = PBXBuildFile; fileRef = 2757FA772C13A951008A8B7A /* ProfileView.swift */; };
		2757FA7A2C13AB57008A8B7A /* SettingsView.swift in Sources */ = {isa = PBXBuildFile; fileRef = 2757FA792C13AB57008A8B7A /* SettingsView.swift */; };
		2757FA802C13F79E008A8B7A /* GameSummary.swift in Sources */ = {isa = PBXBuildFile; fileRef = 2757FA7F2C13F79E008A8B7A /* GameSummary.swift */; };
		2757FA822C140D93008A8B7A /* GameSummaryView.swift in Sources */ = {isa = PBXBuildFile; fileRef = 2757FA812C140D93008A8B7A /* GameSummaryView.swift */; };
		2757FA862C141DBA008A8B7A /* Console.swift in Sources */ = {isa = PBXBuildFile; fileRef = 2757FA852C141DBA008A8B7A /* Console.swift */; };
		2757FA892C142233008A8B7A /* UserGameCompletionProgress.swift in Sources */ = {isa = PBXBuildFile; fileRef = 2757FA882C142233008A8B7A /* UserGameCompletionProgress.swift */; };
		2757FA8B2C142571008A8B7A /* MyGamesView.swift in Sources */ = {isa = PBXBuildFile; fileRef = 2757FA8A2C142571008A8B7A /* MyGamesView.swift */; };
		2757FA8D2C14315C008A8B7A /* Launch Screen.storyboard in Resources */ = {isa = PBXBuildFile; fileRef = 2757FA8C2C14315C008A8B7A /* Launch Screen.storyboard */; };
		276B9A872C15099C00B42EA8 /* UserGameCompletionProgressDetailView.swift in Sources */ = {isa = PBXBuildFile; fileRef = 276B9A862C15099C00B42EA8 /* UserGameCompletionProgressDetailView.swift */; };
/* End PBXBuildFile section */

/* Begin PBXFileReference section */
		2752C8882C166D81002E25E2 /* AchievementsView.swift */ = {isa = PBXFileReference; fileEncoding = 4; lastKnownFileType = sourcecode.swift; path = AchievementsView.swift; sourceTree = "<group>"; };
		2752C88A2C167BA6002E25E2 /* AchievementDetailView.swift */ = {isa = PBXFileReference; fileEncoding = 4; lastKnownFileType = sourcecode.swift; path = AchievementDetailView.swift; sourceTree = "<group>"; };
		2752C88C2C16922B002E25E2 /* ScrollingText.swift */ = {isa = PBXFileReference; lastKnownFileType = sourcecode.swift; path = ScrollingText.swift; sourceTree = "<group>"; };
		2757FA622C138FDE008A8B7A /* RetroAchievementsUI.app */ = {isa = PBXFileReference; explicitFileType = wrapper.application; includeInIndex = 0; path = RetroAchievementsUI.app; sourceTree = BUILT_PRODUCTS_DIR; };
		2757FA652C138FDE008A8B7A /* RetroAchievementsUIApp.swift */ = {isa = PBXFileReference; lastKnownFileType = sourcecode.swift; path = RetroAchievementsUIApp.swift; sourceTree = "<group>"; };
		2757FA672C138FDE008A8B7A /* ContentView.swift */ = {isa = PBXFileReference; lastKnownFileType = sourcecode.swift; path = ContentView.swift; sourceTree = "<group>"; };
		2757FA692C138FE1008A8B7A /* Assets.xcassets */ = {isa = PBXFileReference; lastKnownFileType = folder.assetcatalog; path = Assets.xcassets; sourceTree = "<group>"; };
		2757FA6C2C138FE1008A8B7A /* Preview Assets.xcassets */ = {isa = PBXFileReference; lastKnownFileType = folder.assetcatalog; path = "Preview Assets.xcassets"; sourceTree = "<group>"; };
		2757FA732C138FF1008A8B7A /* Network.swift */ = {isa = PBXFileReference; lastKnownFileType = sourcecode.swift; path = Network.swift; sourceTree = "<group>"; };
		2757FA752C13905A008A8B7A /* Profile.swift */ = {isa = PBXFileReference; lastKnownFileType = sourcecode.swift; path = Profile.swift; sourceTree = "<group>"; };
		2757FA772C13A951008A8B7A /* ProfileView.swift */ = {isa = PBXFileReference; lastKnownFileType = sourcecode.swift; path = ProfileView.swift; sourceTree = "<group>"; };
		2757FA792C13AB57008A8B7A /* SettingsView.swift */ = {isa = PBXFileReference; fileEncoding = 4; lastKnownFileType = sourcecode.swift; path = SettingsView.swift; sourceTree = "<group>"; };
		2757FA7F2C13F79E008A8B7A /* GameSummary.swift */ = {isa = PBXFileReference; lastKnownFileType = sourcecode.swift; path = GameSummary.swift; sourceTree = "<group>"; };
		2757FA812C140D93008A8B7A /* GameSummaryView.swift */ = {isa = PBXFileReference; lastKnownFileType = sourcecode.swift; path = GameSummaryView.swift; sourceTree = "<group>"; };
		2757FA852C141DBA008A8B7A /* Console.swift */ = {isa = PBXFileReference; fileEncoding = 4; lastKnownFileType = sourcecode.swift; path = Console.swift; sourceTree = "<group>"; };
		2757FA882C142233008A8B7A /* UserGameCompletionProgress.swift */ = {isa = PBXFileReference; lastKnownFileType = sourcecode.swift; path = UserGameCompletionProgress.swift; sourceTree = "<group>"; };
		2757FA8A2C142571008A8B7A /* MyGamesView.swift */ = {isa = PBXFileReference; fileEncoding = 4; lastKnownFileType = sourcecode.swift; path = MyGamesView.swift; sourceTree = "<group>"; };
		2757FA8C2C14315C008A8B7A /* Launch Screen.storyboard */ = {isa = PBXFileReference; lastKnownFileType = file.storyboard; path = "Launch Screen.storyboard"; sourceTree = "<group>"; };
		276B9A862C15099C00B42EA8 /* UserGameCompletionProgressDetailView.swift */ = {isa = PBXFileReference; fileEncoding = 4; lastKnownFileType = sourcecode.swift; path = UserGameCompletionProgressDetailView.swift; sourceTree = "<group>"; };
/* End PBXFileReference section */

/* Begin PBXFrameworksBuildPhase section */
		2757FA5F2C138FDE008A8B7A /* Frameworks */ = {
			isa = PBXFrameworksBuildPhase;
			buildActionMask = 2147483647;
			files = (
			);
			runOnlyForDeploymentPostprocessing = 0;
		};
/* End PBXFrameworksBuildPhase section */

/* Begin PBXGroup section */
		2757FA592C138FDE008A8B7A = {
			isa = PBXGroup;
			children = (
				2757FA8C2C14315C008A8B7A /* Launch Screen.storyboard */,
				2757FA642C138FDE008A8B7A /* RetroAchievementsUI */,
				2757FA632C138FDE008A8B7A /* Products */,
			);
			sourceTree = "<group>";
		};
		2757FA632C138FDE008A8B7A /* Products */ = {
			isa = PBXGroup;
			children = (
				2757FA622C138FDE008A8B7A /* RetroAchievementsUI.app */,
			);
			name = Products;
			sourceTree = "<group>";
		};
		2757FA642C138FDE008A8B7A /* RetroAchievementsUI */ = {
			isa = PBXGroup;
			children = (
				2757FA872C1420DB008A8B7A /* API */,
				2757FA652C138FDE008A8B7A /* RetroAchievementsUIApp.swift */,
				2757FA672C138FDE008A8B7A /* ContentView.swift */,
				2757FA772C13A951008A8B7A /* ProfileView.swift */,
				2757FA792C13AB57008A8B7A /* SettingsView.swift */,
				2757FA812C140D93008A8B7A /* GameSummaryView.swift */,
				2752C8882C166D81002E25E2 /* AchievementsView.swift */,
				2752C88A2C167BA6002E25E2 /* AchievementDetailView.swift */,
				2752C88C2C16922B002E25E2 /* ScrollingText.swift */,
				2757FA8A2C142571008A8B7A /* MyGamesView.swift */,
				276B9A862C15099C00B42EA8 /* UserGameCompletionProgressDetailView.swift */,
				2757FA692C138FE1008A8B7A /* Assets.xcassets */,
				2757FA6B2C138FE1008A8B7A /* Preview Content */,
			);
			path = RetroAchievementsUI;
			sourceTree = "<group>";
		};
		2757FA6B2C138FE1008A8B7A /* Preview Content */ = {
			isa = PBXGroup;
			children = (
				2757FA6C2C138FE1008A8B7A /* Preview Assets.xcassets */,
			);
			path = "Preview Content";
			sourceTree = "<group>";
		};
		2757FA872C1420DB008A8B7A /* API */ = {
			isa = PBXGroup;
			children = (
				2757FA732C138FF1008A8B7A /* Network.swift */,
				2757FA7F2C13F79E008A8B7A /* GameSummary.swift */,
				2757FA852C141DBA008A8B7A /* Console.swift */,
				2757FA752C13905A008A8B7A /* Profile.swift */,
				2757FA882C142233008A8B7A /* UserGameCompletionProgress.swift */,
			);
			path = API;
			sourceTree = "<group>";
		};
/* End PBXGroup section */

/* Begin PBXNativeTarget section */
		2757FA612C138FDE008A8B7A /* RetroAchievementsUI */ = {
			isa = PBXNativeTarget;
			buildConfigurationList = 2757FA702C138FE1008A8B7A /* Build configuration list for PBXNativeTarget "RetroAchievementsUI" */;
			buildPhases = (
				2757FA5E2C138FDE008A8B7A /* Sources */,
				2757FA5F2C138FDE008A8B7A /* Frameworks */,
				2757FA602C138FDE008A8B7A /* Resources */,
			);
			buildRules = (
			);
			dependencies = (
			);
			name = RetroAchievementsUI;
			productName = RetroAchievementsUI;
			productReference = 2757FA622C138FDE008A8B7A /* RetroAchievementsUI.app */;
			productType = "com.apple.product-type.application";
		};
/* End PBXNativeTarget section */

/* Begin PBXProject section */
		2757FA5A2C138FDE008A8B7A /* Project object */ = {
			isa = PBXProject;
			attributes = {
				BuildIndependentTargetsInParallel = 1;
				LastSwiftUpdateCheck = 1530;
				LastUpgradeCheck = 1530;
				TargetAttributes = {
					2757FA612C138FDE008A8B7A = {
						CreatedOnToolsVersion = 15.3;
					};
				};
			};
			buildConfigurationList = 2757FA5D2C138FDE008A8B7A /* Build configuration list for PBXProject "RetroAchievementsUI" */;
			compatibilityVersion = "Xcode 14.0";
			developmentRegion = en;
			hasScannedForEncodings = 0;
			knownRegions = (
				en,
				Base,
			);
			mainGroup = 2757FA592C138FDE008A8B7A;
			productRefGroup = 2757FA632C138FDE008A8B7A /* Products */;
			projectDirPath = "";
			projectRoot = "";
			targets = (
				2757FA612C138FDE008A8B7A /* RetroAchievementsUI */,
			);
		};
/* End PBXProject section */

/* Begin PBXResourcesBuildPhase section */
		2757FA602C138FDE008A8B7A /* Resources */ = {
			isa = PBXResourcesBuildPhase;
			buildActionMask = 2147483647;
			files = (
				2757FA8D2C14315C008A8B7A /* Launch Screen.storyboard in Resources */,
				2757FA6D2C138FE1008A8B7A /* Preview Assets.xcassets in Resources */,
				2757FA6A2C138FE1008A8B7A /* Assets.xcassets in Resources */,
			);
			runOnlyForDeploymentPostprocessing = 0;
		};
/* End PBXResourcesBuildPhase section */

/* Begin PBXSourcesBuildPhase section */
		2757FA5E2C138FDE008A8B7A /* Sources */ = {
			isa = PBXSourcesBuildPhase;
			buildActionMask = 2147483647;
			files = (
				2757FA892C142233008A8B7A /* UserGameCompletionProgress.swift in Sources */,
				2757FA682C138FDE008A8B7A /* ContentView.swift in Sources */,
				2757FA762C13905A008A8B7A /* Profile.swift in Sources */,
				276B9A872C15099C00B42EA8 /* UserGameCompletionProgressDetailView.swift in Sources */,
				2757FA782C13A951008A8B7A /* ProfileView.swift in Sources */,
				2757FA8B2C142571008A8B7A /* MyGamesView.swift in Sources */,
				2757FA822C140D93008A8B7A /* GameSummaryView.swift in Sources */,
				2757FA7A2C13AB57008A8B7A /* SettingsView.swift in Sources */,
				2757FA862C141DBA008A8B7A /* Console.swift in Sources */,
				2752C8892C166D81002E25E2 /* AchievementsView.swift in Sources */,
				2757FA802C13F79E008A8B7A /* GameSummary.swift in Sources */,
				2752C88B2C167BA6002E25E2 /* AchievementDetailView.swift in Sources */,
				2757FA662C138FDE008A8B7A /* RetroAchievementsUIApp.swift in Sources */,
				2752C88D2C16922B002E25E2 /* ScrollingText.swift in Sources */,
				2757FA742C138FF1008A8B7A /* Network.swift in Sources */,
			);
			runOnlyForDeploymentPostprocessing = 0;
		};
/* End PBXSourcesBuildPhase section */

/* Begin XCBuildConfiguration section */
		2757FA6E2C138FE1008A8B7A /* Debug */ = {
			isa = XCBuildConfiguration;
			buildSettings = {
				ALWAYS_SEARCH_USER_PATHS = NO;
				ASSETCATALOG_COMPILER_GENERATE_SWIFT_ASSET_SYMBOL_EXTENSIONS = YES;
				CLANG_ANALYZER_NONNULL = YES;
				CLANG_ANALYZER_NUMBER_OBJECT_CONVERSION = YES_AGGRESSIVE;
				CLANG_CXX_LANGUAGE_STANDARD = "gnu++20";
				CLANG_ENABLE_MODULES = YES;
				CLANG_ENABLE_OBJC_ARC = YES;
				CLANG_ENABLE_OBJC_WEAK = YES;
				CLANG_WARN_BLOCK_CAPTURE_AUTORELEASING = YES;
				CLANG_WARN_BOOL_CONVERSION = YES;
				CLANG_WARN_COMMA = YES;
				CLANG_WARN_CONSTANT_CONVERSION = YES;
				CLANG_WARN_DEPRECATED_OBJC_IMPLEMENTATIONS = YES;
				CLANG_WARN_DIRECT_OBJC_ISA_USAGE = YES_ERROR;
				CLANG_WARN_DOCUMENTATION_COMMENTS = YES;
				CLANG_WARN_EMPTY_BODY = YES;
				CLANG_WARN_ENUM_CONVERSION = YES;
				CLANG_WARN_INFINITE_RECURSION = YES;
				CLANG_WARN_INT_CONVERSION = YES;
				CLANG_WARN_NON_LITERAL_NULL_CONVERSION = YES;
				CLANG_WARN_OBJC_IMPLICIT_RETAIN_SELF = YES;
				CLANG_WARN_OBJC_LITERAL_CONVERSION = YES;
				CLANG_WARN_OBJC_ROOT_CLASS = YES_ERROR;
				CLANG_WARN_QUOTED_INCLUDE_IN_FRAMEWORK_HEADER = YES;
				CLANG_WARN_RANGE_LOOP_ANALYSIS = YES;
				CLANG_WARN_STRICT_PROTOTYPES = YES;
				CLANG_WARN_SUSPICIOUS_MOVE = YES;
				CLANG_WARN_UNGUARDED_AVAILABILITY = YES_AGGRESSIVE;
				CLANG_WARN_UNREACHABLE_CODE = YES;
				CLANG_WARN__DUPLICATE_METHOD_MATCH = YES;
				COPY_PHASE_STRIP = NO;
				DEBUG_INFORMATION_FORMAT = dwarf;
				ENABLE_STRICT_OBJC_MSGSEND = YES;
				ENABLE_TESTABILITY = YES;
				ENABLE_USER_SCRIPT_SANDBOXING = YES;
				GCC_C_LANGUAGE_STANDARD = gnu17;
				GCC_DYNAMIC_NO_PIC = NO;
				GCC_NO_COMMON_BLOCKS = YES;
				GCC_OPTIMIZATION_LEVEL = 0;
				GCC_PREPROCESSOR_DEFINITIONS = (
					"DEBUG=1",
					"$(inherited)",
				);
				GCC_WARN_64_TO_32_BIT_CONVERSION = YES;
				GCC_WARN_ABOUT_RETURN_TYPE = YES_ERROR;
				GCC_WARN_UNDECLARED_SELECTOR = YES;
				GCC_WARN_UNINITIALIZED_AUTOS = YES_AGGRESSIVE;
				GCC_WARN_UNUSED_FUNCTION = YES;
				GCC_WARN_UNUSED_VARIABLE = YES;
				IPHONEOS_DEPLOYMENT_TARGET = 17.4;
				LOCALIZATION_PREFERS_STRING_CATALOGS = YES;
				MTL_ENABLE_DEBUG_INFO = INCLUDE_SOURCE;
				MTL_FAST_MATH = YES;
				ONLY_ACTIVE_ARCH = YES;
				SDKROOT = iphoneos;
				SWIFT_ACTIVE_COMPILATION_CONDITIONS = "DEBUG $(inherited)";
				SWIFT_OPTIMIZATION_LEVEL = "-Onone";
			};
			name = Debug;
		};
		2757FA6F2C138FE1008A8B7A /* Release */ = {
			isa = XCBuildConfiguration;
			buildSettings = {
				ALWAYS_SEARCH_USER_PATHS = NO;
				ASSETCATALOG_COMPILER_GENERATE_SWIFT_ASSET_SYMBOL_EXTENSIONS = YES;
				CLANG_ANALYZER_NONNULL = YES;
				CLANG_ANALYZER_NUMBER_OBJECT_CONVERSION = YES_AGGRESSIVE;
				CLANG_CXX_LANGUAGE_STANDARD = "gnu++20";
				CLANG_ENABLE_MODULES = YES;
				CLANG_ENABLE_OBJC_ARC = YES;
				CLANG_ENABLE_OBJC_WEAK = YES;
				CLANG_WARN_BLOCK_CAPTURE_AUTORELEASING = YES;
				CLANG_WARN_BOOL_CONVERSION = YES;
				CLANG_WARN_COMMA = YES;
				CLANG_WARN_CONSTANT_CONVERSION = YES;
				CLANG_WARN_DEPRECATED_OBJC_IMPLEMENTATIONS = YES;
				CLANG_WARN_DIRECT_OBJC_ISA_USAGE = YES_ERROR;
				CLANG_WARN_DOCUMENTATION_COMMENTS = YES;
				CLANG_WARN_EMPTY_BODY = YES;
				CLANG_WARN_ENUM_CONVERSION = YES;
				CLANG_WARN_INFINITE_RECURSION = YES;
				CLANG_WARN_INT_CONVERSION = YES;
				CLANG_WARN_NON_LITERAL_NULL_CONVERSION = YES;
				CLANG_WARN_OBJC_IMPLICIT_RETAIN_SELF = YES;
				CLANG_WARN_OBJC_LITERAL_CONVERSION = YES;
				CLANG_WARN_OBJC_ROOT_CLASS = YES_ERROR;
				CLANG_WARN_QUOTED_INCLUDE_IN_FRAMEWORK_HEADER = YES;
				CLANG_WARN_RANGE_LOOP_ANALYSIS = YES;
				CLANG_WARN_STRICT_PROTOTYPES = YES;
				CLANG_WARN_SUSPICIOUS_MOVE = YES;
				CLANG_WARN_UNGUARDED_AVAILABILITY = YES_AGGRESSIVE;
				CLANG_WARN_UNREACHABLE_CODE = YES;
				CLANG_WARN__DUPLICATE_METHOD_MATCH = YES;
				COPY_PHASE_STRIP = NO;
				DEBUG_INFORMATION_FORMAT = "dwarf-with-dsym";
				ENABLE_NS_ASSERTIONS = NO;
				ENABLE_STRICT_OBJC_MSGSEND = YES;
				ENABLE_USER_SCRIPT_SANDBOXING = YES;
				GCC_C_LANGUAGE_STANDARD = gnu17;
				GCC_NO_COMMON_BLOCKS = YES;
				GCC_WARN_64_TO_32_BIT_CONVERSION = YES;
				GCC_WARN_ABOUT_RETURN_TYPE = YES_ERROR;
				GCC_WARN_UNDECLARED_SELECTOR = YES;
				GCC_WARN_UNINITIALIZED_AUTOS = YES_AGGRESSIVE;
				GCC_WARN_UNUSED_FUNCTION = YES;
				GCC_WARN_UNUSED_VARIABLE = YES;
				IPHONEOS_DEPLOYMENT_TARGET = 17.4;
				LOCALIZATION_PREFERS_STRING_CATALOGS = YES;
				MTL_ENABLE_DEBUG_INFO = NO;
				MTL_FAST_MATH = YES;
				SDKROOT = iphoneos;
				SWIFT_COMPILATION_MODE = wholemodule;
				VALIDATE_PRODUCT = YES;
			};
			name = Release;
		};
		2757FA712C138FE1008A8B7A /* Debug */ = {
			isa = XCBuildConfiguration;
			buildSettings = {
				ASSETCATALOG_COMPILER_APPICON_NAME = AppIcon;
				ASSETCATALOG_COMPILER_GLOBAL_ACCENT_COLOR_NAME = AccentColor;
				CODE_SIGN_STYLE = Automatic;
				CURRENT_PROJECT_VERSION = 1;
				DEVELOPMENT_ASSET_PATHS = "\"RetroAchievementsUI/Preview Content\"";
				DEVELOPMENT_TEAM = Z8253GXZFC;
				ENABLE_PREVIEWS = YES;
				GENERATE_INFOPLIST_FILE = YES;
				INFOPLIST_KEY_CFBundleDisplayName = "RA UI";
				INFOPLIST_KEY_UIApplicationSceneManifest_Generation = YES;
				INFOPLIST_KEY_UIApplicationSupportsIndirectInputEvents = YES;
				INFOPLIST_KEY_UILaunchScreen_Generation = YES;
				INFOPLIST_KEY_UILaunchStoryboardName = "Launch Screen.storyboard";
				INFOPLIST_KEY_UISupportedInterfaceOrientations = "UIInterfaceOrientationLandscapeLeft UIInterfaceOrientationLandscapeRight UIInterfaceOrientationPortrait UIInterfaceOrientationPortraitUpsideDown";
				LD_RUNPATH_SEARCH_PATHS = (
					"$(inherited)",
					"@executable_path/Frameworks",
				);
				MARKETING_VERSION = 1.0;
				PRODUCT_BUNDLE_IDENTIFIER = com.mrosenbergtech.RetroAchievementsUI;
				PRODUCT_NAME = "$(TARGET_NAME)";
				SWIFT_EMIT_LOC_STRINGS = YES;
				SWIFT_VERSION = 5.0;
				TARGETED_DEVICE_FAMILY = "1,2";
			};
			name = Debug;
		};
		2757FA722C138FE1008A8B7A /* Release */ = {
			isa = XCBuildConfiguration;
			buildSettings = {
				ASSETCATALOG_COMPILER_APPICON_NAME = AppIcon;
				ASSETCATALOG_COMPILER_GLOBAL_ACCENT_COLOR_NAME = AccentColor;
				CODE_SIGN_STYLE = Automatic;
				CURRENT_PROJECT_VERSION = 1;
				DEVELOPMENT_ASSET_PATHS = "\"RetroAchievementsUI/Preview Content\"";
				DEVELOPMENT_TEAM = Z8253GXZFC;
				ENABLE_PREVIEWS = YES;
				GENERATE_INFOPLIST_FILE = YES;
				INFOPLIST_KEY_CFBundleDisplayName = "RA UI";
				INFOPLIST_KEY_UIApplicationSceneManifest_Generation = YES;
				INFOPLIST_KEY_UIApplicationSupportsIndirectInputEvents = YES;
				INFOPLIST_KEY_UILaunchScreen_Generation = YES;
				INFOPLIST_KEY_UILaunchStoryboardName = "Launch Screen.storyboard";
				INFOPLIST_KEY_UISupportedInterfaceOrientations = "UIInterfaceOrientationLandscapeLeft UIInterfaceOrientationLandscapeRight UIInterfaceOrientationPortrait UIInterfaceOrientationPortraitUpsideDown";
				LD_RUNPATH_SEARCH_PATHS = (
					"$(inherited)",
					"@executable_path/Frameworks",
				);
				MARKETING_VERSION = 1.0;
				PRODUCT_BUNDLE_IDENTIFIER = com.mrosenbergtech.RetroAchievementsUI;
				PRODUCT_NAME = "$(TARGET_NAME)";
				SWIFT_EMIT_LOC_STRINGS = YES;
				SWIFT_VERSION = 5.0;
				TARGETED_DEVICE_FAMILY = "1,2";
			};
			name = Release;
		};
/* End XCBuildConfiguration section */

/* Begin XCConfigurationList section */
		2757FA5D2C138FDE008A8B7A /* Build configuration list for PBXProject "RetroAchievementsUI" */ = {
			isa = XCConfigurationList;
			buildConfigurations = (
				2757FA6E2C138FE1008A8B7A /* Debug */,
				2757FA6F2C138FE1008A8B7A /* Release */,
			);
			defaultConfigurationIsVisible = 0;
			defaultConfigurationName = Release;
		};
		2757FA702C138FE1008A8B7A /* Build configuration list for PBXNativeTarget "RetroAchievementsUI" */ = {
			isa = XCConfigurationList;
			buildConfigurations = (
				2757FA712C138FE1008A8B7A /* Debug */,
				2757FA722C138FE1008A8B7A /* Release */,
			);
			defaultConfigurationIsVisible = 0;
			defaultConfigurationName = Release;
		};
/* End XCConfigurationList section */
	};
	rootObject = 2757FA5A2C138FDE008A8B7A /* Project object */;
}
