// !$*UTF8*$!
{
	archiveVersion = 1;
	classes = {
	};
	objectVersion = 56;
	objects = {

/* Begin PBXBuildFile section */
		2701F1122D2319840036405D /* GameListGame.swift in Sources */ = {isa = PBXBuildFile; fileRef = 2701F1112D2319840036405D /* GameListGame.swift */; };
		2701F1162D2336160036405D /* SearchView.swift in Sources */ = {isa = PBXBuildFile; fileRef = 2701F1152D2336160036405D /* SearchView.swift */; };
		2701F1182D2338A80036405D /* RecentGamesView.swift in Sources */ = {isa = PBXBuildFile; fileRef = 2701F1172D2338A80036405D /* RecentGamesView.swift */; };
		2702F0452C253E8D00EC3364 /* AwardDetailView.swift in Sources */ = {isa = PBXBuildFile; fileRef = 2702F0442C253E8D00EC3364 /* AwardDetailView.swift */; };
		2702F0472C253F1800EC3364 /* AwardsView.swift in Sources */ = {isa = PBXBuildFile; fileRef = 2702F0462C253F1800EC3364 /* AwardsView.swift */; };
		2702F04A2C25472100EC3364 /* GameSummaryHeaderView.swift in Sources */ = {isa = PBXBuildFile; fileRef = 2702F0492C25472100EC3364 /* GameSummaryHeaderView.swift */; };
		271722F12C360756004114EB /* GameSummaryPreviewView.swift in Sources */ = {isa = PBXBuildFile; fileRef = 271722F02C360756004114EB /* GameSummaryPreviewView.swift */; };
		274F4E922C24FBA300F49981 /* RecentGame.swift in Sources */ = {isa = PBXBuildFile; fileRef = 274F4E912C24FBA300F49981 /* RecentGame.swift */; };
		27503B292C1BC4690010B0A2 /* Achievement.swift in Sources */ = {isa = PBXBuildFile; fileRef = 27503B282C1BC4690010B0A2 /* Achievement.swift */; };
		27503B2E2C1D024C0010B0A2 /* Kingfisher in Frameworks */ = {isa = PBXBuildFile; productRef = 27503B2D2C1D024C0010B0A2 /* Kingfisher */; };
		2752C8892C166D81002E25E2 /* AchievementsView.swift in Sources */ = {isa = PBXBuildFile; fileRef = 2752C8882C166D81002E25E2 /* AchievementsView.swift */; };
		2752C88B2C167BA6002E25E2 /* AchievementDetailView.swift in Sources */ = {isa = PBXBuildFile; fileRef = 2752C88A2C167BA6002E25E2 /* AchievementDetailView.swift */; };
		2752C88D2C16922B002E25E2 /* ScrollingText.swift in Sources */ = {isa = PBXBuildFile; fileRef = 2752C88C2C16922B002E25E2 /* ScrollingText.swift */; };
		2757FA662C138FDE008A8B7A /* RetroAchievementsUIApp.swift in Sources */ = {isa = PBXBuildFile; fileRef = 2757FA652C138FDE008A8B7A /* RetroAchievementsUIApp.swift */; };
		2757FA682C138FDE008A8B7A /* ContentView.swift in Sources */ = {isa = PBXBuildFile; fileRef = 2757FA672C138FDE008A8B7A /* ContentView.swift */; };
		2757FA6A2C138FE1008A8B7A /* Assets.xcassets in Resources */ = {isa = PBXBuildFile; fileRef = 2757FA692C138FE1008A8B7A /* Assets.xcassets */; };
		2757FA6D2C138FE1008A8B7A /* Preview Assets.xcassets in Resources */ = {isa = PBXBuildFile; fileRef = 2757FA6C2C138FE1008A8B7A /* Preview Assets.xcassets */; };
		2757FA742C138FF1008A8B7A /* Network.swift in Sources */ = {isa = PBXBuildFile; fileRef = 2757FA732C138FF1008A8B7A /* Network.swift */; };
		2757FA762C13905A008A8B7A /* Profile.swift in Sources */ = {isa = PBXBuildFile; fileRef = 2757FA752C13905A008A8B7A /* Profile.swift */; };
		2757FA782C13A951008A8B7A /* ProfileView.swift in Sources */ = {isa = PBXBuildFile; fileRef = 2757FA772C13A951008A8B7A /* ProfileView.swift */; };
		2757FA7A2C13AB57008A8B7A /* SettingsView.swift in Sources */ = {isa = PBXBuildFile; fileRef = 2757FA792C13AB57008A8B7A /* SettingsView.swift */; };
		2757FA802C13F79E008A8B7A /* GameSummary.swift in Sources */ = {isa = PBXBuildFile; fileRef = 2757FA7F2C13F79E008A8B7A /* GameSummary.swift */; };
		2757FA822C140D93008A8B7A /* GameSummaryView.swift in Sources */ = {isa = PBXBuildFile; fileRef = 2757FA812C140D93008A8B7A /* GameSummaryView.swift */; };
		2757FA862C141DBA008A8B7A /* Console.swift in Sources */ = {isa = PBXBuildFile; fileRef = 2757FA852C141DBA008A8B7A /* Console.swift */; };
		2757FA892C142233008A8B7A /* GameCompletionProgress.swift in Sources */ = {isa = PBXBuildFile; fileRef = 2757FA882C142233008A8B7A /* GameCompletionProgress.swift */; };
		2757FA8B2C142571008A8B7A /* MyGamesView.swift in Sources */ = {isa = PBXBuildFile; fileRef = 2757FA8A2C142571008A8B7A /* MyGamesView.swift */; };
		2757FA8D2C14315C008A8B7A /* Launch Screen.storyboard in Resources */ = {isa = PBXBuildFile; fileRef = 2757FA8C2C14315C008A8B7A /* Launch Screen.storyboard */; };
		278A6BB82D25CD7500D9ACE7 /* ProfileHeaderView.swift in Sources */ = {isa = PBXBuildFile; fileRef = 278A6BB72D25CD7500D9ACE7 /* ProfileHeaderView.swift */; };
		27C704A82C250D14004BBB49 /* Awards.swift in Sources */ = {isa = PBXBuildFile; fileRef = 27C704A72C250D14004BBB49 /* Awards.swift */; };
		27CFC3372C1F3D550014E22E /* LICENSE in Resources */ = {isa = PBXBuildFile; fileRef = 27CFC3362C1F3D550014E22E /* LICENSE */; };
		27D04B312D209FBC00A51BF6 /* RecentAchievement.swift in Sources */ = {isa = PBXBuildFile; fileRef = 27D04B302D209FBC00A51BF6 /* RecentAchievement.swift */; };
		27D04B332D20A17900A51BF6 /* RecentAchievementsView.swift in Sources */ = {isa = PBXBuildFile; fileRef = 27D04B322D20A17900A51BF6 /* RecentAchievementsView.swift */; };
		27D04B352D20A64300A51BF6 /* RecentAchievementDetailView.swift in Sources */ = {isa = PBXBuildFile; fileRef = 27D04B342D20A64300A51BF6 /* RecentAchievementDetailView.swift */; };
		27ED59FD2C17FA9A00D4167F /* ConsoleDetailView.swift in Sources */ = {isa = PBXBuildFile; fileRef = 27ED59FC2C17FA9A00D4167F /* ConsoleDetailView.swift */; };
		27ED59FF2C17FCE200D4167F /* ConsolesView.swift in Sources */ = {isa = PBXBuildFile; fileRef = 27ED59FE2C17FCE200D4167F /* ConsolesView.swift */; };
		27ED5A012C18041100D4167F /* ConsoleGamesView.swift in Sources */ = {isa = PBXBuildFile; fileRef = 27ED5A002C18041100D4167F /* ConsoleGamesView.swift */; };
		27ED5A032C1807E100D4167F /* ConsoleGameDetailView.swift in Sources */ = {isa = PBXBuildFile; fileRef = 27ED5A022C1807E100D4167F /* ConsoleGameDetailView.swift */; };
		27FCD0C32C193DD1008C54AF /* RetroAchievementsLoginView.swift in Sources */ = {isa = PBXBuildFile; fileRef = 27FCD0C22C193DD1008C54AF /* RetroAchievementsLoginView.swift */; };
/* End PBXBuildFile section */

/* Begin PBXFileReference section */
		2701F1112D2319840036405D /* GameListGame.swift */ = {isa = PBXFileReference; lastKnownFileType = sourcecode.swift; path = GameListGame.swift; sourceTree = "<group>"; };
		2701F1152D2336160036405D /* SearchView.swift */ = {isa = PBXFileReference; lastKnownFileType = sourcecode.swift; path = SearchView.swift; sourceTree = "<group>"; };
		2701F1172D2338A80036405D /* RecentGamesView.swift */ = {isa = PBXFileReference; lastKnownFileType = sourcecode.swift; path = RecentGamesView.swift; sourceTree = "<group>"; };
		2702F0442C253E8D00EC3364 /* AwardDetailView.swift */ = {isa = PBXFileReference; fileEncoding = 4; lastKnownFileType = sourcecode.swift; path = AwardDetailView.swift; sourceTree = "<group>"; };
		2702F0462C253F1800EC3364 /* AwardsView.swift */ = {isa = PBXFileReference; fileEncoding = 4; lastKnownFileType = sourcecode.swift; path = AwardsView.swift; sourceTree = "<group>"; };
		2702F0492C25472100EC3364 /* GameSummaryHeaderView.swift */ = {isa = PBXFileReference; fileEncoding = 4; lastKnownFileType = sourcecode.swift; path = GameSummaryHeaderView.swift; sourceTree = "<group>"; };
		271722F02C360756004114EB /* GameSummaryPreviewView.swift */ = {isa = PBXFileReference; fileEncoding = 4; lastKnownFileType = sourcecode.swift; path = GameSummaryPreviewView.swift; sourceTree = "<group>"; };
		274F4E912C24FBA300F49981 /* RecentGame.swift */ = {isa = PBXFileReference; fileEncoding = 4; lastKnownFileType = sourcecode.swift; path = RecentGame.swift; sourceTree = "<group>"; };
		27503B282C1BC4690010B0A2 /* Achievement.swift */ = {isa = PBXFileReference; lastKnownFileType = sourcecode.swift; path = Achievement.swift; sourceTree = "<group>"; };
		2752C8882C166D81002E25E2 /* AchievementsView.swift */ = {isa = PBXFileReference; fileEncoding = 4; lastKnownFileType = sourcecode.swift; path = AchievementsView.swift; sourceTree = "<group>"; };
		2752C88A2C167BA6002E25E2 /* AchievementDetailView.swift */ = {isa = PBXFileReference; fileEncoding = 4; lastKnownFileType = sourcecode.swift; path = AchievementDetailView.swift; sourceTree = "<group>"; };
		2752C88C2C16922B002E25E2 /* ScrollingText.swift */ = {isa = PBXFileReference; lastKnownFileType = sourcecode.swift; path = ScrollingText.swift; sourceTree = "<group>"; };
		2757FA622C138FDE008A8B7A /* RetroAchievementsUI.app */ = {isa = PBXFileReference; explicitFileType = wrapper.application; includeInIndex = 0; path = RetroAchievementsUI.app; sourceTree = BUILT_PRODUCTS_DIR; };
		2757FA652C138FDE008A8B7A /* RetroAchievementsUIApp.swift */ = {isa = PBXFileReference; lastKnownFileType = sourcecode.swift; path = RetroAchievementsUIApp.swift; sourceTree = "<group>"; };
		2757FA672C138FDE008A8B7A /* ContentView.swift */ = {isa = PBXFileReference; lastKnownFileType = sourcecode.swift; path = ContentView.swift; sourceTree = "<group>"; };
		2757FA692C138FE1008A8B7A /* Assets.xcassets */ = {isa = PBXFileReference; lastKnownFileType = folder.assetcatalog; path = Assets.xcassets; sourceTree = "<group>"; };
		2757FA6C2C138FE1008A8B7A /* Preview Assets.xcassets */ = {isa = PBXFileReference; lastKnownFileType = folder.assetcatalog; path = "Preview Assets.xcassets"; sourceTree = "<group>"; };
		2757FA732C138FF1008A8B7A /* Network.swift */ = {isa = PBXFileReference; lastKnownFileType = sourcecode.swift; path = Network.swift; sourceTree = "<group>"; };
		2757FA752C13905A008A8B7A /* Profile.swift */ = {isa = PBXFileReference; lastKnownFileType = sourcecode.swift; path = Profile.swift; sourceTree = "<group>"; };
		2757FA772C13A951008A8B7A /* ProfileView.swift */ = {isa = PBXFileReference; lastKnownFileType = sourcecode.swift; path = ProfileView.swift; sourceTree = "<group>"; };
		2757FA792C13AB57008A8B7A /* SettingsView.swift */ = {isa = PBXFileReference; fileEncoding = 4; lastKnownFileType = sourcecode.swift; path = SettingsView.swift; sourceTree = "<group>"; };
		2757FA7F2C13F79E008A8B7A /* GameSummary.swift */ = {isa = PBXFileReference; lastKnownFileType = sourcecode.swift; path = GameSummary.swift; sourceTree = "<group>"; };
		2757FA812C140D93008A8B7A /* GameSummaryView.swift */ = {isa = PBXFileReference; lastKnownFileType = sourcecode.swift; path = GameSummaryView.swift; sourceTree = "<group>"; };
		2757FA852C141DBA008A8B7A /* Console.swift */ = {isa = PBXFileReference; fileEncoding = 4; lastKnownFileType = sourcecode.swift; path = Console.swift; sourceTree = "<group>"; };
		2757FA882C142233008A8B7A /* GameCompletionProgress.swift */ = {isa = PBXFileReference; lastKnownFileType = sourcecode.swift; path = GameCompletionProgress.swift; sourceTree = "<group>"; };
		2757FA8A2C142571008A8B7A /* MyGamesView.swift */ = {isa = PBXFileReference; fileEncoding = 4; lastKnownFileType = sourcecode.swift; path = MyGamesView.swift; sourceTree = "<group>"; };
		2757FA8C2C14315C008A8B7A /* Launch Screen.storyboard */ = {isa = PBXFileReference; lastKnownFileType = file.storyboard; path = "Launch Screen.storyboard"; sourceTree = "<group>"; };
		278A6BB72D25CD7500D9ACE7 /* ProfileHeaderView.swift */ = {isa = PBXFileReference; lastKnownFileType = sourcecode.swift; path = ProfileHeaderView.swift; sourceTree = "<group>"; };
		27A4F3BC2C1F52260093AE4A /* Info.plist */ = {isa = PBXFileReference; lastKnownFileType = text.plist; path = Info.plist; sourceTree = "<group>"; };
		27C704A72C250D14004BBB49 /* Awards.swift */ = {isa = PBXFileReference; fileEncoding = 4; lastKnownFileType = sourcecode.swift; path = Awards.swift; sourceTree = "<group>"; };
		27CFC3362C1F3D550014E22E /* LICENSE */ = {isa = PBXFileReference; fileEncoding = 4; lastKnownFileType = text; path = LICENSE; sourceTree = "<group>"; };
		27D04B302D209FBC00A51BF6 /* RecentAchievement.swift */ = {isa = PBXFileReference; lastKnownFileType = sourcecode.swift; path = RecentAchievement.swift; sourceTree = "<group>"; };
		27D04B322D20A17900A51BF6 /* RecentAchievementsView.swift */ = {isa = PBXFileReference; lastKnownFileType = sourcecode.swift; path = RecentAchievementsView.swift; sourceTree = "<group>"; };
		27D04B342D20A64300A51BF6 /* RecentAchievementDetailView.swift */ = {isa = PBXFileReference; lastKnownFileType = sourcecode.swift; path = RecentAchievementDetailView.swift; sourceTree = "<group>"; };
		27ED59FC2C17FA9A00D4167F /* ConsoleDetailView.swift */ = {isa = PBXFileReference; fileEncoding = 4; lastKnownFileType = sourcecode.swift; path = ConsoleDetailView.swift; sourceTree = "<group>"; };
		27ED59FE2C17FCE200D4167F /* ConsolesView.swift */ = {isa = PBXFileReference; fileEncoding = 4; lastKnownFileType = sourcecode.swift; path = ConsolesView.swift; sourceTree = "<group>"; };
		27ED5A002C18041100D4167F /* ConsoleGamesView.swift */ = {isa = PBXFileReference; fileEncoding = 4; lastKnownFileType = sourcecode.swift; path = ConsoleGamesView.swift; sourceTree = "<group>"; };
		27ED5A022C1807E100D4167F /* ConsoleGameDetailView.swift */ = {isa = PBXFileReference; fileEncoding = 4; lastKnownFileType = sourcecode.swift; path = ConsoleGameDetailView.swift; sourceTree = "<group>"; };
		27FCD0C22C193DD1008C54AF /* RetroAchievementsLoginView.swift */ = {isa = PBXFileReference; fileEncoding = 4; lastKnownFileType = sourcecode.swift; path = RetroAchievementsLoginView.swift; sourceTree = "<group>"; };
/* End PBXFileReference section */

/* Begin PBXFrameworksBuildPhase section */
		2757FA5F2C138FDE008A8B7A /* Frameworks */ = {
			isa = PBXFrameworksBuildPhase;
			buildActionMask = 2147483647;
			files = (
				27503B2E2C1D024C0010B0A2 /* Kingfisher in Frameworks */,
			);
			runOnlyForDeploymentPostprocessing = 0;
		};
/* End PBXFrameworksBuildPhase section */

/* Begin PBXGroup section */
		2702F0482C25420700EC3364 /* Sub */ = {
			isa = PBXGroup;
			children = (
				2752C8882C166D81002E25E2 /* AchievementsView.swift */,
				2702F0462C253F1800EC3364 /* AwardsView.swift */,
				27ED5A002C18041100D4167F /* ConsoleGamesView.swift */,
				2757FA812C140D93008A8B7A /* GameSummaryView.swift */,
				278A6BB72D25CD7500D9ACE7 /* ProfileHeaderView.swift */,
				27D04B322D20A17900A51BF6 /* RecentAchievementsView.swift */,
				2701F1172D2338A80036405D /* RecentGamesView.swift */,
				27FCD0C22C193DD1008C54AF /* RetroAchievementsLoginView.swift */,
			);
			path = Sub;
			sourceTree = "<group>";
		};
		2757FA592C138FDE008A8B7A = {
			isa = PBXGroup;
			children = (
				27CFC3362C1F3D550014E22E /* LICENSE */,
				2757FA8C2C14315C008A8B7A /* Launch Screen.storyboard */,
				2757FA642C138FDE008A8B7A /* RetroAchievementsUI */,
				2757FA632C138FDE008A8B7A /* Products */,
			);
			sourceTree = "<group>";
		};
		2757FA632C138FDE008A8B7A /* Products */ = {
			isa = PBXGroup;
			children = (
				2757FA622C138FDE008A8B7A /* RetroAchievementsUI.app */,
			);
			name = Products;
			sourceTree = "<group>";
		};
		2757FA642C138FDE008A8B7A /* RetroAchievementsUI */ = {
			isa = PBXGroup;
			children = (
				27A4F3BC2C1F52260093AE4A /* Info.plist */,
				2757FA652C138FDE008A8B7A /* RetroAchievementsUIApp.swift */,
				2757FA692C138FE1008A8B7A /* Assets.xcassets */,
				2757FA872C1420DB008A8B7A /* API */,
				276E50B62C16DFC800CDB015 /* Views */,
				2757FA6B2C138FE1008A8B7A /* Preview Content */,
			);
			path = RetroAchievementsUI;
			sourceTree = "<group>";
		};
		2757FA6B2C138FE1008A8B7A /* Preview Content */ = {
			isa = PBXGroup;
			children = (
				2757FA6C2C138FE1008A8B7A /* Preview Assets.xcassets */,
			);
			path = "Preview Content";
			sourceTree = "<group>";
		};
		2757FA872C1420DB008A8B7A /* API */ = {
			isa = PBXGroup;
			children = (
				2757FA732C138FF1008A8B7A /* Network.swift */,
				27503B282C1BC4690010B0A2 /* Achievement.swift */,
				27D04B302D209FBC00A51BF6 /* RecentAchievement.swift */,
				27C704A72C250D14004BBB49 /* Awards.swift */,
				2757FA852C141DBA008A8B7A /* Console.swift */,
				2757FA882C142233008A8B7A /* GameCompletionProgress.swift */,
				2757FA7F2C13F79E008A8B7A /* GameSummary.swift */,
				2757FA752C13905A008A8B7A /* Profile.swift */,
				274F4E912C24FBA300F49981 /* RecentGame.swift */,
				2701F1112D2319840036405D /* GameListGame.swift */,
			);
			path = API;
			sourceTree = "<group>";
		};
		276E50B62C16DFC800CDB015 /* Views */ = {
			isa = PBXGroup;
			children = (
				2757FA672C138FDE008A8B7A /* ContentView.swift */,
				276E50B82C16E09200CDB015 /* Pages */,
				2702F0482C25420700EC3364 /* Sub */,
				276E50B72C16DFFB00CDB015 /* Detail */,
			);
			path = Views;
			sourceTree = "<group>";
		};
		276E50B72C16DFFB00CDB015 /* Detail */ = {
			isa = PBXGroup;
			children = (
				2752C88A2C167BA6002E25E2 /* AchievementDetailView.swift */,
				27D04B342D20A64300A51BF6 /* RecentAchievementDetailView.swift */,
				2702F0442C253E8D00EC3364 /* AwardDetailView.swift */,
				27ED5A022C1807E100D4167F /* ConsoleGameDetailView.swift */,
				27ED59FC2C17FA9A00D4167F /* ConsoleDetailView.swift */,
				2702F0492C25472100EC3364 /* GameSummaryHeaderView.swift */,
				271722F02C360756004114EB /* GameSummaryPreviewView.swift */,
				2752C88C2C16922B002E25E2 /* ScrollingText.swift */,
			);
			path = Detail;
			sourceTree = "<group>";
		};
		276E50B82C16E09200CDB015 /* Pages */ = {
			isa = PBXGroup;
			children = (
				2757FA772C13A951008A8B7A /* ProfileView.swift */,
				2757FA8A2C142571008A8B7A /* MyGamesView.swift */,
				27ED59FE2C17FCE200D4167F /* ConsolesView.swift */,
				2701F1152D2336160036405D /* SearchView.swift */,
				2757FA792C13AB57008A8B7A /* SettingsView.swift */,
			);
			path = Pages;
			sourceTree = "<group>";
		};
/* End PBXGroup section */

/* Begin PBXNativeTarget section */
		2757FA612C138FDE008A8B7A /* RetroAchievementsUI */ = {
			isa = PBXNativeTarget;
			buildConfigurationList = 2757FA702C138FE1008A8B7A /* Build configuration list for PBXNativeTarget "RetroAchievementsUI" */;
			buildPhases = (
				2757FA5E2C138FDE008A8B7A /* Sources */,
				2757FA5F2C138FDE008A8B7A /* Frameworks */,
				2757FA602C138FDE008A8B7A /* Resources */,
			);
			buildRules = (
			);
			dependencies = (
			);
			name = RetroAchievementsUI;
			packageProductDependencies = (
				27503B2D2C1D024C0010B0A2 /* Kingfisher */,
			);
			productName = RetroAchievementsUI;
			productReference = 2757FA622C138FDE008A8B7A /* RetroAchievementsUI.app */;
			productType = "com.apple.product-type.application";
		};
/* End PBXNativeTarget section */

/* Begin PBXProject section */
		2757FA5A2C138FDE008A8B7A /* Project object */ = {
			isa = PBXProject;
			attributes = {
				BuildIndependentTargetsInParallel = 1;
				LastSwiftUpdateCheck = 1530;
				LastUpgradeCheck = 1530;
				TargetAttributes = {
					2757FA612C138FDE008A8B7A = {
						CreatedOnToolsVersion = 15.3;
					};
				};
			};
			buildConfigurationList = 2757FA5D2C138FDE008A8B7A /* Build configuration list for PBXProject "RetroAchievementsUI" */;
			compatibilityVersion = "Xcode 14.0";
			developmentRegion = en;
			hasScannedForEncodings = 0;
			knownRegions = (
				en,
				Base,
			);
			mainGroup = 2757FA592C138FDE008A8B7A;
			packageReferences = (
				27503B2C2C1D024C0010B0A2 /* XCRemoteSwiftPackageReference "Kingfisher" */,
			);
			productRefGroup = 2757FA632C138FDE008A8B7A /* Products */;
			projectDirPath = "";
			projectRoot = "";
			targets = (
				2757FA612C138FDE008A8B7A /* RetroAchievementsUI */,
			);
		};
/* End PBXProject section */

/* Begin PBXResourcesBuildPhase section */
		2757FA602C138FDE008A8B7A /* Resources */ = {
			isa = PBXResourcesBuildPhase;
			buildActionMask = 2147483647;
			files = (
				2757FA8D2C14315C008A8B7A /* Launch Screen.storyboard in Resources */,
				2757FA6D2C138FE1008A8B7A /* Preview Assets.xcassets in Resources */,
				2757FA6A2C138FE1008A8B7A /* Assets.xcassets in Resources */,
				27CFC3372C1F3D550014E22E /* LICENSE in Resources */,
			);
			runOnlyForDeploymentPostprocessing = 0;
		};
/* End PBXResourcesBuildPhase section */

/* Begin PBXSourcesBuildPhase section */
		2757FA5E2C138FDE008A8B7A /* Sources */ = {
			isa = PBXSourcesBuildPhase;
			buildActionMask = 2147483647;
			files = (
				27C704A82C250D14004BBB49 /* Awards.swift in Sources */,
				2757FA892C142233008A8B7A /* GameCompletionProgress.swift in Sources */,
				271722F12C360756004114EB /* GameSummaryPreviewView.swift in Sources */,
				2701F1162D2336160036405D /* SearchView.swift in Sources */,
				2757FA682C138FDE008A8B7A /* ContentView.swift in Sources */,
				27503B292C1BC4690010B0A2 /* Achievement.swift in Sources */,
				2702F04A2C25472100EC3364 /* GameSummaryHeaderView.swift in Sources */,
				27FCD0C32C193DD1008C54AF /* RetroAchievementsLoginView.swift in Sources */,
				27D04B312D209FBC00A51BF6 /* RecentAchievement.swift in Sources */,
				2701F1122D2319840036405D /* GameListGame.swift in Sources */,
				27ED5A012C18041100D4167F /* ConsoleGamesView.swift in Sources */,
				2757FA762C13905A008A8B7A /* Profile.swift in Sources */,
				27ED59FD2C17FA9A00D4167F /* ConsoleDetailView.swift in Sources */,
				2757FA782C13A951008A8B7A /* ProfileView.swift in Sources */,
				2757FA8B2C142571008A8B7A /* MyGamesView.swift in Sources */,
				2757FA822C140D93008A8B7A /* GameSummaryView.swift in Sources */,
				27ED59FF2C17FCE200D4167F /* ConsolesView.swift in Sources */,
				2757FA7A2C13AB57008A8B7A /* SettingsView.swift in Sources */,
				2757FA862C141DBA008A8B7A /* Console.swift in Sources */,
				2752C8892C166D81002E25E2 /* AchievementsView.swift in Sources */,
				2757FA802C13F79E008A8B7A /* GameSummary.swift in Sources */,
				278A6BB82D25CD7500D9ACE7 /* ProfileHeaderView.swift in Sources */,
				274F4E922C24FBA300F49981 /* RecentGame.swift in Sources */,
				27ED5A032C1807E100D4167F /* ConsoleGameDetailView.swift in Sources */,
				2752C88B2C167BA6002E25E2 /* AchievementDetailView.swift in Sources */,
				2757FA662C138FDE008A8B7A /* RetroAchievementsUIApp.swift in Sources */,
				2702F0452C253E8D00EC3364 /* AwardDetailView.swift in Sources */,
				27D04B332D20A17900A51BF6 /* RecentAchievementsView.swift in Sources */,
				2702F0472C253F1800EC3364 /* AwardsView.swift in Sources */,
				2701F1182D2338A80036405D /* RecentGamesView.swift in Sources */,
				27D04B352D20A64300A51BF6 /* RecentAchievementDetailView.swift in Sources */,
				2752C88D2C16922B002E25E2 /* ScrollingText.swift in Sources */,
				2757FA742C138FF1008A8B7A /* Network.swift in Sources */,
			);
			runOnlyForDeploymentPostprocessing = 0;
		};
/* End PBXSourcesBuildPhase section */

/* Begin XCBuildConfiguration section */
		2757FA6E2C138FE1008A8B7A /* Debug */ = {
			isa = XCBuildConfiguration;
			buildSettings = {
				ALWAYS_SEARCH_USER_PATHS = NO;
				ASSETCATALOG_COMPILER_GENERATE_SWIFT_ASSET_SYMBOL_EXTENSIONS = YES;
				CLANG_ANALYZER_NONNULL = YES;
				CLANG_ANALYZER_NUMBER_OBJECT_CONVERSION = YES_AGGRESSIVE;
				CLANG_CXX_LANGUAGE_STANDARD = "gnu++20";
				CLANG_ENABLE_MODULES = YES;
				CLANG_ENABLE_OBJC_ARC = YES;
				CLANG_ENABLE_OBJC_WEAK = YES;
				CLANG_WARN_BLOCK_CAPTURE_AUTORELEASING = YES;
				CLANG_WARN_BOOL_CONVERSION = YES;
				CLANG_WARN_COMMA = YES;
				CLANG_WARN_CONSTANT_CONVERSION = YES;
				CLANG_WARN_DEPRECATED_OBJC_IMPLEMENTATIONS = YES;
				CLANG_WARN_DIRECT_OBJC_ISA_USAGE = YES_ERROR;
				CLANG_WARN_DOCUMENTATION_COMMENTS = YES;
				CLANG_WARN_EMPTY_BODY = YES;
				CLANG_WARN_ENUM_CONVERSION = YES;
				CLANG_WARN_INFINITE_RECURSION = YES;
				CLANG_WARN_INT_CONVERSION = YES;
				CLANG_WARN_NON_LITERAL_NULL_CONVERSION = YES;
				CLANG_WARN_OBJC_IMPLICIT_RETAIN_SELF = YES;
				CLANG_WARN_OBJC_LITERAL_CONVERSION = YES;
				CLANG_WARN_OBJC_ROOT_CLASS = YES_ERROR;
				CLANG_WARN_QUOTED_INCLUDE_IN_FRAMEWORK_HEADER = YES;
				CLANG_WARN_RANGE_LOOP_ANALYSIS = YES;
				CLANG_WARN_STRICT_PROTOTYPES = YES;
				CLANG_WARN_SUSPICIOUS_MOVE = YES;
				CLANG_WARN_UNGUARDED_AVAILABILITY = YES_AGGRESSIVE;
				CLANG_WARN_UNREACHABLE_CODE = YES;
				CLANG_WARN__DUPLICATE_METHOD_MATCH = YES;
				COPY_PHASE_STRIP = NO;
				DEBUG_INFORMATION_FORMAT = dwarf;
				ENABLE_STRICT_OBJC_MSGSEND = YES;
				ENABLE_TESTABILITY = YES;
				ENABLE_USER_SCRIPT_SANDBOXING = YES;
				GCC_C_LANGUAGE_STANDARD = gnu17;
				GCC_DYNAMIC_NO_PIC = NO;
				GCC_NO_COMMON_BLOCKS = YES;
				GCC_OPTIMIZATION_LEVEL = 0;
				GCC_PREPROCESSOR_DEFINITIONS = (
					"DEBUG=1",
					"$(inherited)",
				);
				GCC_WARN_64_TO_32_BIT_CONVERSION = YES;
				GCC_WARN_ABOUT_RETURN_TYPE = YES_ERROR;
				GCC_WARN_UNDECLARED_SELECTOR = YES;
				GCC_WARN_UNINITIALIZED_AUTOS = YES_AGGRESSIVE;
				GCC_WARN_UNUSED_FUNCTION = YES;
				GCC_WARN_UNUSED_VARIABLE = YES;
				IPHONEOS_DEPLOYMENT_TARGET = 17.4;
				LOCALIZATION_PREFERS_STRING_CATALOGS = YES;
				MTL_ENABLE_DEBUG_INFO = INCLUDE_SOURCE;
				MTL_FAST_MATH = YES;
				ONLY_ACTIVE_ARCH = YES;
				SDKROOT = iphoneos;
				SWIFT_ACTIVE_COMPILATION_CONDITIONS = "DEBUG $(inherited)";
				SWIFT_OPTIMIZATION_LEVEL = "-Onone";
			};
			name = Debug;
		};
		2757FA6F2C138FE1008A8B7A /* Release */ = {
			isa = XCBuildConfiguration;
			buildSettings = {
				ALWAYS_SEARCH_USER_PATHS = NO;
				ASSETCATALOG_COMPILER_GENERATE_SWIFT_ASSET_SYMBOL_EXTENSIONS = YES;
				CLANG_ANALYZER_NONNULL = YES;
				CLANG_ANALYZER_NUMBER_OBJECT_CONVERSION = YES_AGGRESSIVE;
				CLANG_CXX_LANGUAGE_STANDARD = "gnu++20";
				CLANG_ENABLE_MODULES = YES;
				CLANG_ENABLE_OBJC_ARC = YES;
				CLANG_ENABLE_OBJC_WEAK = YES;
				CLANG_WARN_BLOCK_CAPTURE_AUTORELEASING = YES;
				CLANG_WARN_BOOL_CONVERSION = YES;
				CLANG_WARN_COMMA = YES;
				CLANG_WARN_CONSTANT_CONVERSION = YES;
				CLANG_WARN_DEPRECATED_OBJC_IMPLEMENTATIONS = YES;
				CLANG_WARN_DIRECT_OBJC_ISA_USAGE = YES_ERROR;
				CLANG_WARN_DOCUMENTATION_COMMENTS = YES;
				CLANG_WARN_EMPTY_BODY = YES;
				CLANG_WARN_ENUM_CONVERSION = YES;
				CLANG_WARN_INFINITE_RECURSION = YES;
				CLANG_WARN_INT_CONVERSION = YES;
				CLANG_WARN_NON_LITERAL_NULL_CONVERSION = YES;
				CLANG_WARN_OBJC_IMPLICIT_RETAIN_SELF = YES;
				CLANG_WARN_OBJC_LITERAL_CONVERSION = YES;
				CLANG_WARN_OBJC_ROOT_CLASS = YES_ERROR;
				CLANG_WARN_QUOTED_INCLUDE_IN_FRAMEWORK_HEADER = YES;
				CLANG_WARN_RANGE_LOOP_ANALYSIS = YES;
				CLANG_WARN_STRICT_PROTOTYPES = YES;
				CLANG_WARN_SUSPICIOUS_MOVE = YES;
				CLANG_WARN_UNGUARDED_AVAILABILITY = YES_AGGRESSIVE;
				CLANG_WARN_UNREACHABLE_CODE = YES;
				CLANG_WARN__DUPLICATE_METHOD_MATCH = YES;
				COPY_PHASE_STRIP = NO;
				DEBUG_INFORMATION_FORMAT = "dwarf-with-dsym";
				ENABLE_NS_ASSERTIONS = NO;
				ENABLE_STRICT_OBJC_MSGSEND = YES;
				ENABLE_USER_SCRIPT_SANDBOXING = YES;
				GCC_C_LANGUAGE_STANDARD = gnu17;
				GCC_NO_COMMON_BLOCKS = YES;
				GCC_WARN_64_TO_32_BIT_CONVERSION = YES;
				GCC_WARN_ABOUT_RETURN_TYPE = YES_ERROR;
				GCC_WARN_UNDECLARED_SELECTOR = YES;
				GCC_WARN_UNINITIALIZED_AUTOS = YES_AGGRESSIVE;
				GCC_WARN_UNUSED_FUNCTION = YES;
				GCC_WARN_UNUSED_VARIABLE = YES;
				IPHONEOS_DEPLOYMENT_TARGET = 17.4;
				LOCALIZATION_PREFERS_STRING_CATALOGS = YES;
				MTL_ENABLE_DEBUG_INFO = NO;
				MTL_FAST_MATH = YES;
				SDKROOT = iphoneos;
				SWIFT_COMPILATION_MODE = wholemodule;
				VALIDATE_PRODUCT = YES;
			};
			name = Release;
		};
		2757FA712C138FE1008A8B7A /* Debug */ = {
			isa = XCBuildConfiguration;
			buildSettings = {
				ASSETCATALOG_COMPILER_APPICON_NAME = AppIcon;
				ASSETCATALOG_COMPILER_GLOBAL_ACCENT_COLOR_NAME = AccentColor;
				CODE_SIGN_STYLE = Automatic;
				CURRENT_PROJECT_VERSION = 1;
				DEVELOPMENT_ASSET_PATHS = "\"RetroAchievementsUI/Preview Content\"";
				DEVELOPMENT_TEAM = Z8253GXZFC;
				ENABLE_PREVIEWS = YES;
				GENERATE_INFOPLIST_FILE = YES;
				INFOPLIST_FILE = RetroAchievementsUI/Info.plist;
				INFOPLIST_KEY_CFBundleDisplayName = RetroAchieveUI;
				INFOPLIST_KEY_LSApplicationCategoryType = "public.app-category.games";
				INFOPLIST_KEY_UIApplicationSceneManifest_Generation = YES;
				INFOPLIST_KEY_UIApplicationSupportsIndirectInputEvents = YES;
				INFOPLIST_KEY_UILaunchScreen_Generation = YES;
				INFOPLIST_KEY_UILaunchStoryboardName = "Launch Screen.storyboard";
				INFOPLIST_KEY_UISupportedInterfaceOrientations = UIInterfaceOrientationPortrait;
				INFOPLIST_KEY_UISupportedInterfaceOrientations_iPad = "UIInterfaceOrientationLandscapeLeft UIInterfaceOrientationLandscapeRight UIInterfaceOrientationPortrait UIInterfaceOrientationPortraitUpsideDown";
				IPHONEOS_DEPLOYMENT_TARGET = 17.0;
				LD_RUNPATH_SEARCH_PATHS = (
					"$(inherited)",
					"@executable_path/Frameworks",
				);
				MARKETING_VERSION = 2.2;
				PRODUCT_BUNDLE_IDENTIFIER = com.mrosenbergtech.RetroAchievementsUI;
				PRODUCT_NAME = "$(TARGET_NAME)";
				SWIFT_EMIT_LOC_STRINGS = YES;
				SWIFT_VERSION = 5.0;
				TARGETED_DEVICE_FAMILY = "1,2";
			};
			name = Debug;
		};
		2757FA722C138FE1008A8B7A /* Release */ = {
			isa = XCBuildConfiguration;
			buildSettings = {
				ASSETCATALOG_COMPILER_APPICON_NAME = AppIcon;
				ASSETCATALOG_COMPILER_GLOBAL_ACCENT_COLOR_NAME = AccentColor;
				CODE_SIGN_STYLE = Automatic;
				CURRENT_PROJECT_VERSION = 1;
				DEVELOPMENT_ASSET_PATHS = "\"RetroAchievementsUI/Preview Content\"";
				DEVELOPMENT_TEAM = Z8253GXZFC;
				ENABLE_PREVIEWS = YES;
				GENERATE_INFOPLIST_FILE = YES;
				INFOPLIST_FILE = RetroAchievementsUI/Info.plist;
				INFOPLIST_KEY_CFBundleDisplayName = RetroAchieveUI;
				INFOPLIST_KEY_LSApplicationCategoryType = "public.app-category.games";
				INFOPLIST_KEY_UIApplicationSceneManifest_Generation = YES;
				INFOPLIST_KEY_UIApplicationSupportsIndirectInputEvents = YES;
				INFOPLIST_KEY_UILaunchScreen_Generation = YES;
				INFOPLIST_KEY_UILaunchStoryboardName = "Launch Screen.storyboard";
				INFOPLIST_KEY_UISupportedInterfaceOrientations = UIInterfaceOrientationPortrait;
				INFOPLIST_KEY_UISupportedInterfaceOrientations_iPad = "UIInterfaceOrientationLandscapeLeft UIInterfaceOrientationLandscapeRight UIInterfaceOrientationPortrait UIInterfaceOrientationPortraitUpsideDown";
				IPHONEOS_DEPLOYMENT_TARGET = 17.0;
				LD_RUNPATH_SEARCH_PATHS = (
					"$(inherited)",
					"@executable_path/Frameworks",
				);
				MARKETING_VERSION = 2.2;
				PRODUCT_BUNDLE_IDENTIFIER = com.mrosenbergtech.RetroAchievementsUI;
				PRODUCT_NAME = "$(TARGET_NAME)";
				SWIFT_EMIT_LOC_STRINGS = YES;
				SWIFT_VERSION = 5.0;
				TARGETED_DEVICE_FAMILY = "1,2";
			};
			name = Release;
		};
/* End XCBuildConfiguration section */

/* Begin XCConfigurationList section */
		2757FA5D2C138FDE008A8B7A /* Build configuration list for PBXProject "RetroAchievementsUI" */ = {
			isa = XCConfigurationList;
			buildConfigurations = (
				2757FA6E2C138FE1008A8B7A /* Debug */,
				2757FA6F2C138FE1008A8B7A /* Release */,
			);
			defaultConfigurationIsVisible = 0;
			defaultConfigurationName = Release;
		};
		2757FA702C138FE1008A8B7A /* Build configuration list for PBXNativeTarget "RetroAchievementsUI" */ = {
			isa = XCConfigurationList;
			buildConfigurations = (
				2757FA712C138FE1008A8B7A /* Debug */,
				2757FA722C138FE1008A8B7A /* Release */,
			);
			defaultConfigurationIsVisible = 0;
			defaultConfigurationName = Release;
		};
/* End XCConfigurationList section */

/* Begin XCRemoteSwiftPackageReference section */
		27503B2C2C1D024C0010B0A2 /* XCRemoteSwiftPackageReference "Kingfisher" */ = {
			isa = XCRemoteSwiftPackageReference;
			repositoryURL = "https://github.com/onevcat/Kingfisher.git";
			requirement = {
				kind = upToNextMajorVersion;
				minimumVersion = 7.12.0;
			};
		};
/* End XCRemoteSwiftPackageReference section */

/* Begin XCSwiftPackageProductDependency section */
		27503B2D2C1D024C0010B0A2 /* Kingfisher */ = {
			isa = XCSwiftPackageProductDependency;
			package = 27503B2C2C1D024C0010B0A2 /* XCRemoteSwiftPackageReference "Kingfisher" */;
			productName = Kingfisher;
		};
/* End XCSwiftPackageProductDependency section */
	};
	rootObject = 2757FA5A2C138FDE008A8B7A /* Project object */;
}
